
Microsoft Visual Studio Solution File, Format Version 12.00
# Visual Studio 15
VisualStudioVersion = 15.0.27428.2015
MinimumVisualStudioVersion = 10.0.40219.1
Project("{FAE04EC0-301F-11D3-BF4B-00C04F79EFBC}") = "Net.S.2018.Popivnenko.13", "Net.S.2018.Popivnenko.13\Net.S.2018.Popivnenko.13.csproj", "{E139193A-2CE6-47C2-A823-2C69533FADAA}"
EndProject
Project("{FAE04EC0-301F-11D3-BF4B-00C04F79EFBC}") = "Net.S.2018.Popivnenko.13.Queue", "Net.S.2018.Popivnenko.13.Queue\Net.S.2018.Popivnenko.13.Queue.csproj", "{9C62968E-852A-4145-BCC2-7B337D4AFCBC}"
EndProject
Project("{FAE04EC0-301F-11D3-BF4B-00C04F79EFBC}") = "Net.S.2018.Popivnenko.13.Maxtrixes", "Net.S.2018.Popivnenko.13.Maxtrixes\Net.S.2018.Popivnenko.13.Maxtrixes.csproj", "{3FA1B901-894E-4C14-871E-16AA85F7DE4A}"
EndProject
Project("{FAE04EC0-301F-11D3-BF4B-00C04F79EFBC}") = "Net.S.2018.Popivnenko.13.BinaryTree", "Net.S.2018.Popivnenko.13.BinaryTree\Net.S.2018.Popivnenko.13.BinaryTree.csproj", "{378CFFE1-57D1-4318-B247-55AADF42514B}"
EndProject
Global
	GlobalSection(SolutionConfigurationPlatforms) = preSolution
		Debug|Any CPU = Debug|Any CPU
		Release|Any CPU = Release|Any CPU
	EndGlobalSection
	GlobalSection(ProjectConfigurationPlatforms) = postSolution
		{E139193A-2CE6-47C2-A823-2C69533FADAA}.Debug|Any CPU.ActiveCfg = Debug|Any CPU
		{E139193A-2CE6-47C2-A823-2C69533FADAA}.Debug|Any CPU.Build.0 = Debug|Any CPU
		{E139193A-2CE6-47C2-A823-2C69533FADAA}.Release|Any CPU.ActiveCfg = Release|Any CPU
		{E139193A-2CE6-47C2-A823-2C69533FADAA}.Release|Any CPU.Build.0 = Release|Any CPU
		{9C62968E-852A-4145-BCC2-7B337D4AFCBC}.Debug|Any CPU.ActiveCfg = Debug|Any CPU
		{9C62968E-852A-4145-BCC2-7B337D4AFCBC}.Debug|Any CPU.Build.0 = Debug|Any CPU
		{9C62968E-852A-4145-BCC2-7B337D4AFCBC}.Release|Any CPU.ActiveCfg = Release|Any CPU
		{9C62968E-852A-4145-BCC2-7B337D4AFCBC}.Release|Any CPU.Build.0 = Release|Any CPU
		{3FA1B901-894E-4C14-871E-16AA85F7DE4A}.Debug|Any CPU.ActiveCfg = Debug|Any CPU
		{3FA1B901-894E-4C14-871E-16AA85F7DE4A}.Debug|Any CPU.Build.0 = Debug|Any CPU
		{3FA1B901-894E-4C14-871E-16AA85F7DE4A}.Release|Any CPU.ActiveCfg = Release|Any CPU
		{3FA1B901-894E-4C14-871E-16AA85F7DE4A}.Release|Any CPU.Build.0 = Release|Any CPU
		{378CFFE1-57D1-4318-B247-55AADF42514B}.Debug|Any CPU.ActiveCfg = Debug|Any CPU
		{378CFFE1-57D1-4318-B247-55AADF42514B}.Debug|Any CPU.Build.0 = Debug|Any CPU
		{378CFFE1-57D1-4318-B247-55AADF42514B}.Release|Any CPU.ActiveCfg = Release|Any CPU
		{378CFFE1-57D1-4318-B247-55AADF42514B}.Release|Any CPU.Build.0 = Release|Any CPU
	EndGlobalSection
	GlobalSection(SolutionProperties) = preSolution
		HideSolutionNode = FALSE
	EndGlobalSection
	GlobalSection(ExtensibilityGlobals) = postSolution
		SolutionGuid = {5597861A-D7CF-420E-89F3-EDD62839C726}
	EndGlobalSection
EndGlobal
